lockfileVersion: '9.0'

settings:
  autoInstallPeers: true
  excludeLinksFromLockfile: false

importers:

  .:
    dependencies:
      '@deepseek-ai/schemastery':
        specifier: ~3.18.4
        version: 3.18.4
    devDependencies:
      '@deepseek-ai/cordis':
        specifier: 4.0.4
        version: 4.0.4(@deepseek-ai/cordis-plugin-include@1.0.9)(@deepseek-ai/cordis-plugin-loader@1.0.5)
      '@deepseek-ai/dsh-client-ui-plugin-manager':
        specifier: 0.2.0-rc.2
        version: 0.2.0-rc.2(@deepseek-ai/cordis@4.0.4)
      '@deepseek-ai/dsh-client-ui-primitives':
        specifier: 0.2.0-rc.2
        version: 0.2.0-rc.2(@deepseek-ai/cordis@4.0.4)
      '@deepseek-ai/dsh-client-ui-settings':
        specifier: 0.2.0-rc.2
        version: 0.2.0-rc.2(@deepseek-ai/cordis@4.0.4)
      '@deepseek-ai/dsh-llm':
        specifier: 0.2.0-rc.2
        version: 0.2.0-rc.2(@deepseek-ai/cordis@4.0.4)
      '@types/node':
        specifier: ^22.20.2
        version: 22.20.2
      typescript:
        specifier: 5.9.3
        version: 5.9.3

packages:

  '@deepseek-ai/cordis-plugin-include@1.0.9':
    resolution: {integrity: sha512-Xmekm7u5Kpeym6nABL4T1/Mg6aQYFZxsipB0WycmCctvX1DqAv8nCFwRmg2XMx/f7EbZgNEbXQwJfabcMu8zxQ==}
    peerDependencies:
      '@deepseek-ai/cordis': ~4.0.4
      '@deepseek-ai/cordis-plugin-loader': ~1.0.5

  '@deepseek-ai/cordis-plugin-loader@1.0.5':
    resolution: {integrity: sha512-200huL2ttWcjyeYllvPYn+qMR7I89qy8MhZasbHltPzB/KMrSfsyoCYKdCGc5KqPGj5iJugcmibQzjINMO9I+Q==}
    peerDependencies:
      '@deepseek-ai/cordis': ~4.0.4
      node-addon-require-builtin: ^0.1.6
    peerDependenciesMeta:
      node-addon-require-builtin:
        optional: true

  '@deepseek-ai/cordis@4.0.4':
    resolution: {integrity: sha512-obgyxqWAmFn3Re8kvsuUnyW+ihrz6eJCnJO4fh1cQzDtmPYz/zzVeUkH9R94I0OwSVOocK67Kgakm04j/oQXzg==}
    hasBin: true
    peerDependencies:
      '@deepseek-ai/cordis-plugin-include': ~1.0.9
      '@deepseek-ai/cordis-plugin-loader': ~1.0.5
    peerDependenciesMeta:
      '@deepseek-ai/cordis-plugin-include':
        optional: true
      '@deepseek-ai/cordis-plugin-loader':
        optional: true

  '@deepseek-ai/cosmokit@1.8.5':
    resolution: {integrity: sha512-LXsrlem9z8dq4sLflj2yuCuYX7KqhdzF5hZly3eZyuTo8d6oDSOXuEgC5DbQWKW+lksm6zmOutQLsP/ma6wR6A==}

  '@deepseek-ai/dsh-brand@0.2.0-rc.2':
    resolution: {integrity: sha512-A5XlN4tIgP0qObkYFhcZ7Oz/tM2oESEZqLwS0Qq+sM1ivGx6o4AMPgJdfKQlwLzqk0cMLNtAaVBHfiYoElt4lw==}
    peerDependencies:
      '@deepseek-ai/cordis': ~4.0.4

  '@deepseek-ai/dsh-client-ui-plugin-manager@0.2.0-rc.2':
    resolution: {integrity: sha512-AncAiGUMawllpfnqirmABN7KXwmVEhu0E8ClJvfsLDhEd2oazZ6nk2nUPHHPu1tVKq+e8IbiTHqwpnlDR7mPUA==}
    peerDependencies:
      '@deepseek-ai/cordis': ~4.0.4

  '@deepseek-ai/dsh-client-ui-primitives@0.2.0-rc.2':
    resolution: {integrity: sha512-Zx/MRT8NH6rYEvPnk4FQaHrADM6Dh1PQCprieqdvKj6yFhD/CJUVjSN08suGF6FPQekfVTJtS0WxY1XbQ5Ed9Q==}
    peerDependencies:
      '@deepseek-ai/cordis': ~4.0.4

  '@deepseek-ai/dsh-client-ui-settings@0.2.0-rc.2':
    resolution: {integrity: sha512-Kyho8FvRGYb7Ok1t7T429d4Dj/XF8+tE/+MX6T1s41RkXCe7v0sP89i4DUMo6OeUxyE+/uGoAVa5QZXY4O/y+g==}
    peerDependencies:
      '@deepseek-ai/cordis': ~4.0.4

  '@deepseek-ai/dsh-llm@0.2.0-rc.2':
    resolution: {integrity: sha512-6QFrQn/h0iNqCfPpgQidnHtLSpA99A7ZND/uYKaGSd/4BGP8KBhuRd0w63e9s4u+hfW8jc3j29WKcNLIOeUfcA==}
    peerDependencies:
      '@deepseek-ai/cordis': ~4.0.4

  '@deepseek-ai/dsh-timeout@0.2.0-rc.2':
    resolution: {integrity: sha512-NDob8b8DJDB/sDPz3P7xhrkxOh1O9FbN1EZRKsxP4fuTfp4hrQU7aekYS5qZENFKoR8dBJMTh/zcEBw4m31glQ==}
    peerDependencies:
      '@deepseek-ai/cordis': ~4.0.4

  '@deepseek-ai/dsh-typert-protocol@0.2.0-rc.2':
    resolution: {integrity: sha512-95RvIDcVac2BWdv1IxN6yKlRV+8eEvkofqSxV+d0r8x1kx2EIWEsbdxz6C+coYIm+8e03MiN+rwOt8J7sLfe7Q==}
    peerDependencies:
      '@deepseek-ai/cordis': ~4.0.4

  '@deepseek-ai/dsh-util-crypto@0.2.0-rc.2':
    resolution: {integrity: sha512-5OvvmepY69uXTagUMlnoHqg7euI4ZMifLgfdV8xZO20OslWGGiRCkJbZRyDtcJG9GsXWz9UimfWmUu52zKXJ5w==}
    peerDependencies:
      '@deepseek-ai/cordis': ~4.0.4

  '@deepseek-ai/dsh-util-values@0.2.0-rc.2':
    resolution: {integrity: sha512-qgpsbgiZABuE9UvgNaVo9b2HiWwLeU93CTl9PFXqE0jN8ap1ALxzQsLGvr/q2MJuWDYqnFBg60XnqnY8ZxPWEg==}
    peerDependencies:
      '@deepseek-ai/cordis': ~4.0.4

  '@deepseek-ai/schemastery@3.18.4':
    resolution: {integrity: sha512-SSXO6tYuyrIqKVbmOnIq0s+riUywYzouFMcnBluHF9n4KMo2G8HvEzhCYj6pj2617/glOjbJuVInJ9hfONsjkg==}

  '@standard-schema/spec@1.1.0':
    resolution: {integrity: sha512-l2aFy5jALhniG5HgqrD6jXLi/rUWrKvqN/qJx6yoJsgKhblVd+iqqU4RCXavm/jPityDo5TCvKMnpjKnOriy0w==}

  '@types/node@22.20.2':
    resolution: {integrity: sha512-xlvWf4Vs9n1PEVYwP1n4vvG07M6y8WgvJ2t0vbrWTmijsIHp1cS+uJ2kMIRdY3nHZK0nCYKrPeD171+SzF4/zw==}

  argparse@2.0.1:
    resolution: {integrity: sha512-8+9WqebbFzpX9OR+Wa6O29asIogeRMzcGtAINdpMHHyAg10f05aSFVBbcEqGf/PXw1EjAZ+q2/bEBg3DvurK3Q==}

  js-yaml@4.3.2:
    resolution: {integrity: sha512-SFNOvSJ+Dgf/9An904Yx+CgSlIPCkIpao4qo51lpee25TIRejdH3rhR4EZMGoNx3/TP3O+wzWuiTFl4sqbltzA==}
    hasBin: true

  node-addon-native-custom-loader@0.1.6:
    resolution: {integrity: sha512-QaW7d8lTcGCXrpNVyFDtID3vrpa7vFdpcY9pql2/9FGFSe7tcSnhQOKZX+1aOWq+pB1d2ZwNnKAdQI5nD9wAXA==}
    engines: {node: '>=20'}

  node-addon-require-builtin-darwin-arm64@0.1.6:
    resolution: {integrity: sha512-KpaAh0mDcIScoJs7gD/mjXREcENJ023/DgWW3GrlLXFVzCE6bK6wFrTFpNfnkxZZP8yWsEWOg1o5T+uQ7olgTQ==}
    engines: {node: '>=20'}
    cpu: [arm64]
    os: [darwin]

  node-addon-require-builtin-darwin-x64@0.1.6:
    resolution: {integrity: sha512-lh9o5rCvmkH8MZgBBmhyKzJRc1M1hJzgXLTFzB6iomRXNH9P1DKjN2nAJLmvGrdTij47Wcch1JVnlV5AG0cRCQ==}
    engines: {node: '>=20'}
    cpu: [x64]
    os: [darwin]

  node-addon-require-builtin-linux-arm64-gnu@0.1.6:
    resolution: {integrity: sha512-DrQA3aS1LBn4NgrewbZkzSAWdSSRPD/fYO5AkQfvriQ/TQD3E2adB012sZ5eac6p9TAcTjUIYhk395AYVxo4Zw==}
    engines: {node: '>=20'}
    cpu: [arm64]
    os: [linux]
    libc: [glibc]

  node-addon-require-builtin-linux-x64-gnu@0.1.6:
    resolution: {integrity: sha512-8wCxrFlB2Ld5DhxIm2P+nNFnQ0wjzDE5sXF68EUhLH0X+z313B07TUQFMBKCOkyhZIIBh590dBmhHCuA43No2A==}
    engines: {node: '>=20'}
    cpu: [x64]
    os: [linux]
    libc: [glibc]

  node-addon-require-builtin-win32-arm64-msvc@0.1.6:
    resolution: {integrity: sha512-NET6DiLnKrK2DHuO4NNN+zJz0CFas+RwpJlGY0d3A3A3tc5dJQqZXgw8DzLOn4cSTAQCaDq6+LbPyYX7jE2F3Q==}
    engines: {node: '>=20'}
    cpu: [arm64]
    os: [win32]

  node-addon-require-builtin-win32-ia32-msvc@0.1.6:
    resolution: {integrity: sha512-oj4G51r81kJ3E2t5KknKhBNb8TmTWzc/t9x7jkBF9JeRd+1a0kr99mVJVYwJNxq9d3jpt7dgBdI8mxaomuXOEQ==}
    engines: {node: '>=20 <23'}
    cpu: [ia32]
    os: [win32]

  node-addon-require-builtin-win32-x64-msvc@0.1.6:
    resolution: {integrity: sha512-ZQ+6thVzQBOFamW7s3t2YqHsw99EEPBNH1uAjvCx4QfnjFJTsu6I/H3prpN8i6cSt6gjnQtArfWc2LXN2ufcJQ==}
    engines: {node: '>=20'}
    cpu: [x64]
    os: [win32]

  node-addon-require-builtin@0.1.6:
    resolution: {integrity: sha512-P9ZGMDkloktirLJSggfpxsJ9jog5FItE1Omxpj50UBn3LhD6TS6/yx0jEBXsCGK3P9EtW1EpQVA1QL5gb11GaQ==}
    engines: {node: '>=20'}

  typescript@5.9.3:
    resolution: {integrity: sha512-jl1vZzPDinLr9eUt3J/t7V6FgNEw9QjvBPdysz9KfQDD41fQrC2Y4vKQdiaUpFT4bXlb1RHhLpp8wtm6M5TgSw==}
    engines: {node: '>=14.17'}
    hasBin: true

  undici-types@6.21.0:
    resolution: {integrity: sha512-iwDZqg0QAGrg9Rav5H4n0M64c3mkR59cJ6wQp+7C4nI0gsmExaedaYLNO44eT4AtBBwjbTiGPMlt2Md0T9H9JQ==}

  zod@4.6.2:
    resolution: {integrity: sha512-lh5RCAGFa1Cm2hjtNwLQhSs/AsqdWnTQaBER9fEwN/88pSh7KOtJavtBx/0VlkN/uFd61SwYmljLMDAsHlvzBQ==}

snapshots:

  '@deepseek-ai/cordis-plugin-include@1.0.9(@deepseek-ai/cordis-plugin-loader@1.0.5)(@deepseek-ai/cordis@4.0.4)':
    dependencies:
      '@deepseek-ai/cordis': 4.0.4(@deepseek-ai/cordis-plugin-include@1.0.9)(@deepseek-ai/cordis-plugin-loader@1.0.5)
      '@deepseek-ai/cordis-plugin-loader': 1.0.5(@deepseek-ai/cordis@4.0.4)(node-addon-require-builtin@0.1.6)
      '@deepseek-ai/cosmokit': 1.8.5
      js-yaml: 4.3.2
    optional: true

  '@deepseek-ai/cordis-plugin-loader@1.0.5(@deepseek-ai/cordis@4.0.4)(node-addon-require-builtin@0.1.6)':
    dependencies:
      '@deepseek-ai/cordis': 4.0.4(@deepseek-ai/cordis-plugin-include@1.0.9)(@deepseek-ai/cordis-plugin-loader@1.0.5)
      '@deepseek-ai/cosmokit': 1.8.5
      '@deepseek-ai/schemastery': 3.18.4
    optionalDependencies:
      node-addon-require-builtin: 0.1.6
    optional: true

  '@deepseek-ai/cordis@4.0.4(@deepseek-ai/cordis-plugin-include@1.0.9)(@deepseek-ai/cordis-plugin-loader@1.0.5)':
    dependencies:
      '@deepseek-ai/cosmokit': 1.8.5
      '@standard-schema/spec': 1.1.0
    optionalDependencies:
      '@deepseek-ai/cordis-plugin-include': 1.0.9(@deepseek-ai/cordis-plugin-loader@1.0.5)(@deepseek-ai/cordis@4.0.4)
      '@deepseek-ai/cordis-plugin-loader': 1.0.5(@deepseek-ai/cordis@4.0.4)(node-addon-require-builtin@0.1.6)

  '@deepseek-ai/cosmokit@1.8.5': {}

  '@deepseek-ai/dsh-brand@0.2.0-rc.2(@deepseek-ai/cordis@4.0.4)':
    dependencies:
      '@deepseek-ai/cordis': 4.0.4(@deepseek-ai/cordis-plugin-include@1.0.9)(@deepseek-ai/cordis-plugin-loader@1.0.5)

  '@deepseek-ai/dsh-client-ui-plugin-manager@0.2.0-rc.2(@deepseek-ai/cordis@4.0.4)':
    dependencies:
      '@deepseek-ai/cordis': 4.0.4(@deepseek-ai/cordis-plugin-include@1.0.9)(@deepseek-ai/cordis-plugin-loader@1.0.5)
      '@deepseek-ai/dsh-timeout': 0.2.0-rc.2(@deepseek-ai/cordis@4.0.4)
      '@deepseek-ai/dsh-typert-protocol': 0.2.0-rc.2(@deepseek-ai/cordis@4.0.4)
      '@deepseek-ai/schemastery': 3.18.4
      zod: 4.6.2

  '@deepseek-ai/dsh-client-ui-primitives@0.2.0-rc.2(@deepseek-ai/cordis@4.0.4)':
    dependencies:
      '@deepseek-ai/cordis': 4.0.4(@deepseek-ai/cordis-plugin-include@1.0.9)(@deepseek-ai/cordis-plugin-loader@1.0.5)

  '@deepseek-ai/dsh-client-ui-settings@0.2.0-rc.2(@deepseek-ai/cordis@4.0.4)':
    dependencies:
      '@deepseek-ai/cordis': 4.0.4(@deepseek-ai/cordis-plugin-include@1.0.9)(@deepseek-ai/cordis-plugin-loader@1.0.5)
      '@deepseek-ai/schemastery': 3.18.4

  '@deepseek-ai/dsh-llm@0.2.0-rc.2(@deepseek-ai/cordis@4.0.4)':
    dependencies:
      '@deepseek-ai/cordis': 4.0.4(@deepseek-ai/cordis-plugin-include@1.0.9)(@deepseek-ai/cordis-plugin-loader@1.0.5)
      '@deepseek-ai/dsh-brand': 0.2.0-rc.2(@deepseek-ai/cordis@4.0.4)
      '@deepseek-ai/dsh-timeout': 0.2.0-rc.2(@deepseek-ai/cordis@4.0.4)
      '@deepseek-ai/dsh-typert-protocol': 0.2.0-rc.2(@deepseek-ai/cordis@4.0.4)
      '@deepseek-ai/dsh-util-crypto': 0.2.0-rc.2(@deepseek-ai/cordis@4.0.4)
      '@deepseek-ai/dsh-util-values': 0.2.0-rc.2(@deepseek-ai/cordis@4.0.4)
      '@deepseek-ai/schemastery': 3.18.4
      zod: 4.6.2

  '@deepseek-ai/dsh-timeout@0.2.0-rc.2(@deepseek-ai/cordis@4.0.4)':
    dependencies:
      '@deepseek-ai/cordis': 4.0.4(@deepseek-ai/cordis-plugin-include@1.0.9)(@deepseek-ai/cordis-plugin-loader@1.0.5)

  '@deepseek-ai/dsh-typert-protocol@0.2.0-rc.2(@deepseek-ai/cordis@4.0.4)':
    dependencies:
      '@deepseek-ai/cordis': 4.0.4(@deepseek-ai/cordis-plugin-include@1.0.9)(@deepseek-ai/cordis-plugin-loader@1.0.5)
      '@deepseek-ai/dsh-brand': 0.2.0-rc.2(@deepseek-ai/cordis@4.0.4)

  '@deepseek-ai/dsh-util-crypto@0.2.0-rc.2(@deepseek-ai/cordis@4.0.4)':
    dependencies:
      '@deepseek-ai/cordis': 4.0.4(@deepseek-ai/cordis-plugin-include@1.0.9)(@deepseek-ai/cordis-plugin-loader@1.0.5)

  '@deepseek-ai/dsh-util-values@0.2.0-rc.2(@deepseek-ai/cordis@4.0.4)':
    dependencies:
      '@deepseek-ai/cordis': 4.0.4(@deepseek-ai/cordis-plugin-include@1.0.9)(@deepseek-ai/cordis-plugin-loader@1.0.5)

  '@deepseek-ai/schemastery@3.18.4':
    dependencies:
      '@deepseek-ai/cosmokit': 1.8.5
      '@standard-schema/spec': 1.1.0

  '@standard-schema/spec@1.1.0': {}

  '@types/node@22.20.2':
    dependencies:
      undici-types: 6.21.0

  argparse@2.0.1:
    optional: true

  js-yaml@4.3.2:
    dependencies:
      argparse: 2.0.1
    optional: true

  node-addon-native-custom-loader@0.1.6:
    optional: true

  node-addon-require-builtin-darwin-arm64@0.1.6:
    dependencies:
      node-addon-native-custom-loader: 0.1.6
    optional: true

  node-addon-require-builtin-darwin-x64@0.1.6:
    dependencies:
      node-addon-native-custom-loader: 0.1.6
    optional: true

  node-addon-require-builtin-linux-arm64-gnu@0.1.6:
    dependencies:
      node-addon-native-custom-loader: 0.1.6
    optional: true

  node-addon-require-builtin-linux-x64-gnu@0.1.6:
    dependencies:
      node-addon-native-custom-loader: 0.1.6
    optional: true

  node-addon-require-builtin-win32-arm64-msvc@0.1.6:
    dependencies:
      node-addon-native-custom-loader: 0.1.6
    optional: true

  node-addon-require-builtin-win32-ia32-msvc@0.1.6:
    dependencies:
      node-addon-native-custom-loader: 0.1.6
    optional: true

  node-addon-require-builtin-win32-x64-msvc@0.1.6:
    dependencies:
      node-addon-native-custom-loader: 0.1.6
    optional: true

  node-addon-require-builtin@0.1.6:
    dependencies:
      node-addon-native-custom-loader: 0.1.6
    optionalDependencies:
      node-addon-require-builtin-darwin-arm64: 0.1.6
      node-addon-require-builtin-darwin-x64: 0.1.6
      node-addon-require-builtin-linux-arm64-gnu: 0.1.6
      node-addon-require-builtin-linux-x64-gnu: 0.1.6
      node-addon-require-builtin-win32-arm64-msvc: 0.1.6
      node-addon-require-builtin-win32-ia32-msvc: 0.1.6
      node-addon-require-builtin-win32-x64-msvc: 0.1.6
    optional: true

  typescript@5.9.3: {}

  undici-types@6.21.0: {}

  zod@4.6.2: {}
